// !$*UTF8*$!
{
	archiveVersion = 1;
	classes = {
	};
	objectVersion = 55;
	objects = {

/* Begin PBXBuildFile section */
		7C7B9CC1290413EC00399474 /* ArchiveArticleViewController.swift in Sources */ = {isa = PBXBuildFile; fileRef = 7C7B9CC0290413EC00399474 /* ArchiveArticleViewController.swift */; };
		7C7B9CC32904143200399474 /* ArchiveArticleViewModel.swift in Sources */ = {isa = PBXBuildFile; fileRef = 7C7B9CC22904143200399474 /* ArchiveArticleViewModel.swift */; };
		7C9510E9290C016400E46074 /* UIImageValueTransformer.swift in Sources */ = {isa = PBXBuildFile; fileRef = 7C9510E8290C016400E46074 /* UIImageValueTransformer.swift */; };
		7CA717F828E6D9C2009325C1 /* AppDelegate.swift in Sources */ = {isa = PBXBuildFile; fileRef = 7CA717F728E6D9C2009325C1 /* AppDelegate.swift */; };
		7CA717FA28E6D9C2009325C1 /* SceneDelegate.swift in Sources */ = {isa = PBXBuildFile; fileRef = 7CA717F928E6D9C2009325C1 /* SceneDelegate.swift */; };
		7CA717FC28E6D9C2009325C1 /* LatestArticleViewController.swift in Sources */ = {isa = PBXBuildFile; fileRef = 7CA717FB28E6D9C2009325C1 /* LatestArticleViewController.swift */; };
		7CA7180128E6D9C6009325C1 /* Assets.xcassets in Resources */ = {isa = PBXBuildFile; fileRef = 7CA7180028E6D9C6009325C1 /* Assets.xcassets */; };
		7CA7180428E6D9C6009325C1 /* LaunchScreen.storyboard in Resources */ = {isa = PBXBuildFile; fileRef = 7CA7180228E6D9C6009325C1 /* LaunchScreen.storyboard */; };
		7CA7180C28E6DF10009325C1 /* ArticleViewModel+Protocol.swift in Sources */ = {isa = PBXBuildFile; fileRef = 7CA7180B28E6DF0F009325C1 /* ArticleViewModel+Protocol.swift */; };
		7CA7180F28E71E6D009325C1 /* ArticleTableViewCell.swift in Sources */ = {isa = PBXBuildFile; fileRef = 7CA7180D28E71E6D009325C1 /* ArticleTableViewCell.swift */; };
		7CA7181028E71E6D009325C1 /* ArticleTableViewCell.xib in Resources */ = {isa = PBXBuildFile; fileRef = 7CA7180E28E71E6D009325C1 /* ArticleTableViewCell.xib */; };
		7CA7181228ED7123009325C1 /* Article.swift in Sources */ = {isa = PBXBuildFile; fileRef = 7CA7181128ED7123009325C1 /* Article.swift */; };
		7CA7181728ED7B7D009325C1 /* Main.storyboard in Resources */ = {isa = PBXBuildFile; fileRef = 7CA7181528ED7B7D009325C1 /* Main.storyboard */; };
		7CA7181D28EDA0DE009325C1 /* ArticlesResource.swift in Sources */ = {isa = PBXBuildFile; fileRef = 7CA7181C28EDA0DE009325C1 /* ArticlesResource.swift */; };
		7CA7181F28EDA5F6009325C1 /* ArticleRequest+Protocol.swift in Sources */ = {isa = PBXBuildFile; fileRef = 7CA7181E28EDA5F6009325C1 /* ArticleRequest+Protocol.swift */; };
		7CA7182128EDA9F7009325C1 /* ErrorHandler.swift in Sources */ = {isa = PBXBuildFile; fileRef = 7CA7182028EDA9F7009325C1 /* ErrorHandler.swift */; };
		7CA7182328EE2335009325C1 /* LatestArticleViewModel.swift in Sources */ = {isa = PBXBuildFile; fileRef = 7CA7182228EE2335009325C1 /* LatestArticleViewModel.swift */; };
		7CAB1DEE28F564580090F061 /* ArticleAndImageLoader.swift in Sources */ = {isa = PBXBuildFile; fileRef = 7CAB1DED28F564580090F061 /* ArticleAndImageLoader.swift */; };
		7CAB1DF128F5679B0090F061 /* DatabaseCoordinating+Delegate.swift in Sources */ = {isa = PBXBuildFile; fileRef = 7CAB1DF028F5679B0090F061 /* DatabaseCoordinating+Delegate.swift */; };
		7CAB1DF328F568400090F061 /* CoreDataCoordinator.swift in Sources */ = {isa = PBXBuildFile; fileRef = 7CAB1DF228F568400090F061 /* CoreDataCoordinator.swift */; };
		7CAB1DF628F591200090F061 /* CoreDataMain.xcdatamodeld in Sources */ = {isa = PBXBuildFile; fileRef = 7CAB1DF428F591200090F061 /* CoreDataMain.xcdatamodeld */; };
		7CAB1E0028F5A0740090F061 /* ArticleCoreDataEntity+Class+Properties.swift in Sources */ = {isa = PBXBuildFile; fileRef = 7CAB1DFF28F5A0740090F061 /* ArticleCoreDataEntity+Class+Properties.swift */; };
		7CAB1E0328F5F8940090F061 /* CoreDataConvert+Extensions.swift in Sources */ = {isa = PBXBuildFile; fileRef = 7CAB1E0228F5F8940090F061 /* CoreDataConvert+Extensions.swift */; };
/* End PBXBuildFile section */

/* Begin PBXFileReference section */
		7C7B9CC0290413EC00399474 /* ArchiveArticleViewController.swift */ = {isa = PBXFileReference; lastKnownFileType = sourcecode.swift; path = ArchiveArticleViewController.swift; sourceTree = "<group>"; };
		7C7B9CC22904143200399474 /* ArchiveArticleViewModel.swift */ = {isa = PBXFileReference; lastKnownFileType = sourcecode.swift; path = ArchiveArticleViewModel.swift; sourceTree = "<group>"; };
		7C9510E8290C016400E46074 /* UIImageValueTransformer.swift */ = {isa = PBXFileReference; lastKnownFileType = sourcecode.swift; path = UIImageValueTransformer.swift; sourceTree = "<group>"; };
		7CA717F428E6D9C2009325C1 /* EarthNews.app */ = {isa = PBXFileReference; explicitFileType = wrapper.application; includeInIndex = 0; path = EarthNews.app; sourceTree = BUILT_PRODUCTS_DIR; };
		7CA717F728E6D9C2009325C1 /* AppDelegate.swift */ = {isa = PBXFileReference; lastKnownFileType = sourcecode.swift; path = AppDelegate.swift; sourceTree = "<group>"; };
		7CA717F928E6D9C2009325C1 /* SceneDelegate.swift */ = {isa = PBXFileReference; lastKnownFileType = sourcecode.swift; path = SceneDelegate.swift; sourceTree = "<group>"; };
		7CA717FB28E6D9C2009325C1 /* LatestArticleViewController.swift */ = {isa = PBXFileReference; lastKnownFileType = sourcecode.swift; path = LatestArticleViewController.swift; sourceTree = "<group>"; };
		7CA7180028E6D9C6009325C1 /* Assets.xcassets */ = {isa = PBXFileReference; lastKnownFileType = folder.assetcatalog; path = Assets.xcassets; sourceTree = "<group>"; };
		7CA7180328E6D9C6009325C1 /* Base */ = {isa = PBXFileReference; lastKnownFileType = file.storyboard; name = Base; path = Base.lproj/LaunchScreen.storyboard; sourceTree = "<group>"; };
		7CA7180528E6D9C6009325C1 /* Info.plist */ = {isa = PBXFileReference; lastKnownFileType = text.plist.xml; path = Info.plist; sourceTree = "<group>"; };
		7CA7180B28E6DF0F009325C1 /* ArticleViewModel+Protocol.swift */ = {isa = PBXFileReference; lastKnownFileType = sourcecode.swift; path = "ArticleViewModel+Protocol.swift"; sourceTree = "<group>"; };
		7CA7180D28E71E6D009325C1 /* ArticleTableViewCell.swift */ = {isa = PBXFileReference; lastKnownFileType = sourcecode.swift; path = ArticleTableViewCell.swift; sourceTree = "<group>"; };
		7CA7180E28E71E6D009325C1 /* ArticleTableViewCell.xib */ = {isa = PBXFileReference; lastKnownFileType = file.xib; path = ArticleTableViewCell.xib; sourceTree = "<group>"; };
		7CA7181128ED7123009325C1 /* Article.swift */ = {isa = PBXFileReference; lastKnownFileType = sourcecode.swift; path = Article.swift; sourceTree = "<group>"; };
		7CA7181628ED7B7D009325C1 /* Base */ = {isa = PBXFileReference; lastKnownFileType = file.storyboard; name = Base; path = Base.lproj/Main.storyboard; sourceTree = "<group>"; };
		7CA7181C28EDA0DE009325C1 /* ArticlesResource.swift */ = {isa = PBXFileReference; lastKnownFileType = sourcecode.swift; path = ArticlesResource.swift; sourceTree = "<group>"; };
		7CA7181E28EDA5F6009325C1 /* ArticleRequest+Protocol.swift */ = {isa = PBXFileReference; lastKnownFileType = sourcecode.swift; path = "ArticleRequest+Protocol.swift"; sourceTree = "<group>"; };
		7CA7182028EDA9F7009325C1 /* ErrorHandler.swift */ = {isa = PBXFileReference; lastKnownFileType = sourcecode.swift; path = ErrorHandler.swift; sourceTree = "<group>"; };
		7CA7182228EE2335009325C1 /* LatestArticleViewModel.swift */ = {isa = PBXFileReference; lastKnownFileType = sourcecode.swift; path = LatestArticleViewModel.swift; sourceTree = "<group>"; };
		7CAB1DED28F564580090F061 /* ArticleAndImageLoader.swift */ = {isa = PBXFileReference; lastKnownFileType = sourcecode.swift; path = ArticleAndImageLoader.swift; sourceTree = "<group>"; };
		7CAB1DF028F5679B0090F061 /* DatabaseCoordinating+Delegate.swift */ = {isa = PBXFileReference; lastKnownFileType = sourcecode.swift; path = "DatabaseCoordinating+Delegate.swift"; sourceTree = "<group>"; };
		7CAB1DF228F568400090F061 /* CoreDataCoordinator.swift */ = {isa = PBXFileReference; lastKnownFileType = sourcecode.swift; path = CoreDataCoordinator.swift; sourceTree = "<group>"; };
		7CAB1DF528F591200090F061 /* ArticleCoreDataEntity.xcdatamodel */ = {isa = PBXFileReference; lastKnownFileType = wrapper.xcdatamodel; path = ArticleCoreDataEntity.xcdatamodel; sourceTree = "<group>"; };
		7CAB1DFF28F5A0740090F061 /* ArticleCoreDataEntity+Class+Properties.swift */ = {isa = PBXFileReference; lastKnownFileType = sourcecode.swift; path = "ArticleCoreDataEntity+Class+Properties.swift"; sourceTree = "<group>"; };
		7CAB1E0228F5F8940090F061 /* CoreDataConvert+Extensions.swift */ = {isa = PBXFileReference; lastKnownFileType = sourcecode.swift; path = "CoreDataConvert+Extensions.swift"; sourceTree = "<group>"; };
/* End PBXFileReference section */

/* Begin PBXFrameworksBuildPhase section */
		7CA717F128E6D9C2009325C1 /* Frameworks */ = {
			isa = PBXFrameworksBuildPhase;
			buildActionMask = 2147483647;
			files = (
			);
			runOnlyForDeploymentPostprocessing = 0;
		};
/* End PBXFrameworksBuildPhase section */

/* Begin PBXGroup section */
		7CA717EB28E6D9C2009325C1 = {
			isa = PBXGroup;
			children = (
				7CA717F628E6D9C2009325C1 /* EarthNews */,
				7CA717F528E6D9C2009325C1 /* Products */,
			);
			sourceTree = "<group>";
		};
		7CA717F528E6D9C2009325C1 /* Products */ = {
			isa = PBXGroup;
			children = (
				7CA717F428E6D9C2009325C1 /* EarthNews.app */,
			);
			name = Products;
			sourceTree = "<group>";
		};
		7CA717F628E6D9C2009325C1 /* EarthNews */ = {
			isa = PBXGroup;
			children = (
				7CA717F728E6D9C2009325C1 /* AppDelegate.swift */,
				7CA717F928E6D9C2009325C1 /* SceneDelegate.swift */,
				7CA7181828ED8752009325C1 /* Model */,
				7CA7181928ED8778009325C1 /* View */,
				7CA7181A28ED8797009325C1 /* ViewModels */,
				7CA7180028E6D9C6009325C1 /* Assets.xcassets */,
				7CA7180228E6D9C6009325C1 /* LaunchScreen.storyboard */,
				7CA7180528E6D9C6009325C1 /* Info.plist */,
			);
			path = EarthNews;
			sourceTree = "<group>";
		};
		7CA7181828ED8752009325C1 /* Model */ = {
			isa = PBXGroup;
			children = (
				7CA7181128ED7123009325C1 /* Article.swift */,
				7CAB1DEF28F567170090F061 /* API */,
				7CAB1E0128F5EAC50090F061 /* Database */,
				7CA7182028EDA9F7009325C1 /* ErrorHandler.swift */,
			);
			path = Model;
			sourceTree = "<group>";
		};
		7CA7181928ED8778009325C1 /* View */ = {
			isa = PBXGroup;
			children = (
				7CA7181B28ED87E4009325C1 /* Cell */,
				7CA717FB28E6D9C2009325C1 /* LatestArticleViewController.swift */,
				7C7B9CC0290413EC00399474 /* ArchiveArticleViewController.swift */,
				7CA7181528ED7B7D009325C1 /* Main.storyboard */,
			);
			path = View;
			sourceTree = "<group>";
		};
		7CA7181A28ED8797009325C1 /* ViewModels */ = {
			isa = PBXGroup;
			children = (
				7C7B9CC22904143200399474 /* ArchiveArticleViewModel.swift */,
				7CA7182228EE2335009325C1 /* LatestArticleViewModel.swift */,
				7CA7180B28E6DF0F009325C1 /* ArticleViewModel+Protocol.swift */,
			);
			path = ViewModels;
			sourceTree = "<group>";
		};
		7CA7181B28ED87E4009325C1 /* Cell */ = {
			isa = PBXGroup;
			children = (
				7CA7180E28E71E6D009325C1 /* ArticleTableViewCell.xib */,
				7CA7180D28E71E6D009325C1 /* ArticleTableViewCell.swift */,
			);
			path = Cell;
			sourceTree = "<group>";
		};
		7CAB1DEF28F567170090F061 /* API */ = {
			isa = PBXGroup;
			children = (
				7CA7181C28EDA0DE009325C1 /* ArticlesResource.swift */,
				7CA7181E28EDA5F6009325C1 /* ArticleRequest+Protocol.swift */,
				7CAB1DED28F564580090F061 /* ArticleAndImageLoader.swift */,
			);
			path = API;
			sourceTree = "<group>";
		};
		7CAB1E0128F5EAC50090F061 /* Database */ = {
			isa = PBXGroup;
			children = (
				7CAB1DFF28F5A0740090F061 /* ArticleCoreDataEntity+Class+Properties.swift */,
				7CAB1E0228F5F8940090F061 /* CoreDataConvert+Extensions.swift */,
				7CAB1DF428F591200090F061 /* CoreDataMain.xcdatamodeld */,
				7CAB1DF028F5679B0090F061 /* DatabaseCoordinating+Delegate.swift */,
				7CAB1DF228F568400090F061 /* CoreDataCoordinator.swift */,
				7C9510E8290C016400E46074 /* UIImageValueTransformer.swift */,
			);
			path = Database;
			sourceTree = "<group>";
		};
/* End PBXGroup section */

/* Begin PBXNativeTarget section */
		7CA717F328E6D9C2009325C1 /* EarthNews */ = {
			isa = PBXNativeTarget;
			buildConfigurationList = 7CA7180828E6D9C6009325C1 /* Build configuration list for PBXNativeTarget "EarthNews" */;
			buildPhases = (
				7CA717F028E6D9C2009325C1 /* Sources */,
				7CA717F128E6D9C2009325C1 /* Frameworks */,
				7CA717F228E6D9C2009325C1 /* Resources */,
			);
			buildRules = (
			);
			dependencies = (
			);
			name = EarthNews;
			productName = EarthNews;
			productReference = 7CA717F428E6D9C2009325C1 /* EarthNews.app */;
			productType = "com.apple.product-type.application";
		};
/* End PBXNativeTarget section */

/* Begin PBXProject section */
		7CA717EC28E6D9C2009325C1 /* Project object */ = {
			isa = PBXProject;
			attributes = {
				BuildIndependentTargetsInParallel = 1;
				LastSwiftUpdateCheck = 1340;
				LastUpgradeCheck = 1340;
				TargetAttributes = {
					7CA717F328E6D9C2009325C1 = {
						CreatedOnToolsVersion = 13.4.1;
					};
				};
			};
			buildConfigurationList = 7CA717EF28E6D9C2009325C1 /* Build configuration list for PBXProject "EarthNews" */;
			compatibilityVersion = "Xcode 13.0";
			developmentRegion = en;
			hasScannedForEncodings = 0;
			knownRegions = (
				en,
				Base,
			);
			mainGroup = 7CA717EB28E6D9C2009325C1;
			productRefGroup = 7CA717F528E6D9C2009325C1 /* Products */;
			projectDirPath = "";
			projectRoot = "";
			targets = (
				7CA717F328E6D9C2009325C1 /* EarthNews */,
			);
		};
/* End PBXProject section */

/* Begin PBXResourcesBuildPhase section */
		7CA717F228E6D9C2009325C1 /* Resources */ = {
			isa = PBXResourcesBuildPhase;
			buildActionMask = 2147483647;
			files = (
				7CA7180428E6D9C6009325C1 /* LaunchScreen.storyboard in Resources */,
				7CA7180128E6D9C6009325C1 /* Assets.xcassets in Resources */,
				7CA7181028E71E6D009325C1 /* ArticleTableViewCell.xib in Resources */,
				7CA7181728ED7B7D009325C1 /* Main.storyboard in Resources */,
			);
			runOnlyForDeploymentPostprocessing = 0;
		};
/* End PBXResourcesBuildPhase section */

/* Begin PBXSourcesBuildPhase section */
		7CA717F028E6D9C2009325C1 /* Sources */ = {
			isa = PBXSourcesBuildPhase;
			buildActionMask = 2147483647;
			files = (
				7CAB1DF628F591200090F061 /* CoreDataMain.xcdatamodeld in Sources */,
				7CA717FC28E6D9C2009325C1 /* LatestArticleViewController.swift in Sources */,
				7CA7180F28E71E6D009325C1 /* ArticleTableViewCell.swift in Sources */,
				7CA7181228ED7123009325C1 /* Article.swift in Sources */,
				7C7B9CC32904143200399474 /* ArchiveArticleViewModel.swift in Sources */,
				7CA717F828E6D9C2009325C1 /* AppDelegate.swift in Sources */,
				7CA7180C28E6DF10009325C1 /* ArticleViewModel+Protocol.swift in Sources */,
				7CA7181F28EDA5F6009325C1 /* ArticleRequest+Protocol.swift in Sources */,
				7C7B9CC1290413EC00399474 /* ArchiveArticleViewController.swift in Sources */,
				7CA7182328EE2335009325C1 /* LatestArticleViewModel.swift in Sources */,
				7CA7182128EDA9F7009325C1 /* ErrorHandler.swift in Sources */,
				7CA717FA28E6D9C2009325C1 /* SceneDelegate.swift in Sources */,
				7CA7181D28EDA0DE009325C1 /* ArticlesResource.swift in Sources */,
				7CAB1E0028F5A0740090F061 /* ArticleCoreDataEntity+Class+Properties.swift in Sources */,
				7CAB1E0328F5F8940090F061 /* CoreDataConvert+Extensions.swift in Sources */,
				7C9510E9290C016400E46074 /* UIImageValueTransformer.swift in Sources */,
				7CAB1DF328F568400090F061 /* CoreDataCoordinator.swift in Sources */,
				7CAB1DEE28F564580090F061 /* ArticleAndImageLoader.swift in Sources */,
				7CAB1DF128F5679B0090F061 /* DatabaseCoordinating+Delegate.swift in Sources */,
			);
			runOnlyForDeploymentPostprocessing = 0;
		};
/* End PBXSourcesBuildPhase section */

/* Begin PBXVariantGroup section */
		7CA7180228E6D9C6009325C1 /* LaunchScreen.storyboard */ = {
			isa = PBXVariantGroup;
			children = (
				7CA7180328E6D9C6009325C1 /* Base */,
			);
			name = LaunchScreen.storyboard;
			sourceTree = "<group>";
		};
		7CA7181528ED7B7D009325C1 /* Main.storyboard */ = {
			isa = PBXVariantGroup;
			children = (
				7CA7181628ED7B7D009325C1 /* Base */,
			);
			name = Main.storyboard;
			sourceTree = "<group>";
		};
/* End PBXVariantGroup section */

/* Begin XCBuildConfiguration section */
		7CA7180628E6D9C6009325C1 /* Debug */ = {
			isa = XCBuildConfiguration;
			buildSettings = {
				ALWAYS_SEARCH_USER_PATHS = NO;
				CLANG_ANALYZER_NONNULL = YES;
				CLANG_ANALYZER_NUMBER_OBJECT_CONVERSION = YES_AGGRESSIVE;
				CLANG_CXX_LANGUAGE_STANDARD = "gnu++17";
				CLANG_ENABLE_MODULES = YES;
				CLANG_ENABLE_OBJC_ARC = YES;
				CLANG_ENABLE_OBJC_WEAK = YES;
				CLANG_WARN_BLOCK_CAPTURE_AUTORELEASING = YES;
				CLANG_WARN_BOOL_CONVERSION = YES;
				CLANG_WARN_COMMA = YES;
				CLANG_WARN_CONSTANT_CONVERSION = YES;
				CLANG_WARN_DEPRECATED_OBJC_IMPLEMENTATIONS = YES;
				CLANG_WARN_DIRECT_OBJC_ISA_USAGE = YES_ERROR;
				CLANG_WARN_DOCUMENTATION_COMMENTS = YES;
				CLANG_WARN_EMPTY_BODY = YES;
				CLANG_WARN_ENUM_CONVERSION = YES;
				CLANG_WARN_INFINITE_RECURSION = YES;
				CLANG_WARN_INT_CONVERSION = YES;
				CLANG_WARN_NON_LITERAL_NULL_CONVERSION = YES;
				CLANG_WARN_OBJC_IMPLICIT_RETAIN_SELF = YES;
				CLANG_WARN_OBJC_LITERAL_CONVERSION = YES;
				CLANG_WARN_OBJC_ROOT_CLASS = YES_ERROR;
				CLANG_WARN_QUOTED_INCLUDE_IN_FRAMEWORK_HEADER = YES;
				CLANG_WARN_RANGE_LOOP_ANALYSIS = YES;
				CLANG_WARN_STRICT_PROTOTYPES = YES;
				CLANG_WARN_SUSPICIOUS_MOVE = YES;
				CLANG_WARN_UNGUARDED_AVAILABILITY = YES_AGGRESSIVE;
				CLANG_WARN_UNREACHABLE_CODE = YES;
				CLANG_WARN__DUPLICATE_METHOD_MATCH = YES;
				COPY_PHASE_STRIP = NO;
				DEBUG_INFORMATION_FORMAT = dwarf;
				ENABLE_STRICT_OBJC_MSGSEND = YES;
				ENABLE_TESTABILITY = YES;
				GCC_C_LANGUAGE_STANDARD = gnu11;
				GCC_DYNAMIC_NO_PIC = NO;
				GCC_NO_COMMON_BLOCKS = YES;
				GCC_OPTIMIZATION_LEVEL = 0;
				GCC_PREPROCESSOR_DEFINITIONS = (
					"DEBUG=1",
					"$(inherited)",
				);
				GCC_WARN_64_TO_32_BIT_CONVERSION = YES;
				GCC_WARN_ABOUT_RETURN_TYPE = YES_ERROR;
				GCC_WARN_UNDECLARED_SELECTOR = YES;
				GCC_WARN_UNINITIALIZED_AUTOS = YES_AGGRESSIVE;
				GCC_WARN_UNUSED_FUNCTION = YES;
				GCC_WARN_UNUSED_VARIABLE = YES;
				IPHONEOS_DEPLOYMENT_TARGET = 15.5;
				MTL_ENABLE_DEBUG_INFO = INCLUDE_SOURCE;
				MTL_FAST_MATH = YES;
				ONLY_ACTIVE_ARCH = YES;
				SDKROOT = iphoneos;
				SWIFT_ACTIVE_COMPILATION_CONDITIONS = DEBUG;
				SWIFT_OPTIMIZATION_LEVEL = "-Onone";
			};
			name = Debug;
		};
		7CA7180728E6D9C6009325C1 /* Release */ = {
			isa = XCBuildConfiguration;
			buildSettings = {
				ALWAYS_SEARCH_USER_PATHS = NO;
				CLANG_ANALYZER_NONNULL = YES;
				CLANG_ANALYZER_NUMBER_OBJECT_CONVERSION = YES_AGGRESSIVE;
				CLANG_CXX_LANGUAGE_STANDARD = "gnu++17";
				CLANG_ENABLE_MODULES = YES;
				CLANG_ENABLE_OBJC_ARC = YES;
				CLANG_ENABLE_OBJC_WEAK = YES;
				CLANG_WARN_BLOCK_CAPTURE_AUTORELEASING = YES;
				CLANG_WARN_BOOL_CONVERSION = YES;
				CLANG_WARN_COMMA = YES;
				CLANG_WARN_CONSTANT_CONVERSION = YES;
				CLANG_WARN_DEPRECATED_OBJC_IMPLEMENTATIONS = YES;
				CLANG_WARN_DIRECT_OBJC_ISA_USAGE = YES_ERROR;
				CLANG_WARN_DOCUMENTATION_COMMENTS = YES;
				CLANG_WARN_EMPTY_BODY = YES;
				CLANG_WARN_ENUM_CONVERSION = YES;
				CLANG_WARN_INFINITE_RECURSION = YES;
				CLANG_WARN_INT_CONVERSION = YES;
				CLANG_WARN_NON_LITERAL_NULL_CONVERSION = YES;
				CLANG_WARN_OBJC_IMPLICIT_RETAIN_SELF = YES;
				CLANG_WARN_OBJC_LITERAL_CONVERSION = YES;
				CLANG_WARN_OBJC_ROOT_CLASS = YES_ERROR;
				CLANG_WARN_QUOTED_INCLUDE_IN_FRAMEWORK_HEADER = YES;
				CLANG_WARN_RANGE_LOOP_ANALYSIS = YES;
				CLANG_WARN_STRICT_PROTOTYPES = YES;
				CLANG_WARN_SUSPICIOUS_MOVE = YES;
				CLANG_WARN_UNGUARDED_AVAILABILITY = YES_AGGRESSIVE;
				CLANG_WARN_UNREACHABLE_CODE = YES;
				CLANG_WARN__DUPLICATE_METHOD_MATCH = YES;
				COPY_PHASE_STRIP = NO;
				DEBUG_INFORMATION_FORMAT = "dwarf-with-dsym";
				ENABLE_NS_ASSERTIONS = NO;
				ENABLE_STRICT_OBJC_MSGSEND = YES;
				GCC_C_LANGUAGE_STANDARD = gnu11;
				GCC_NO_COMMON_BLOCKS = YES;
				GCC_WARN_64_TO_32_BIT_CONVERSION = YES;
				GCC_WARN_ABOUT_RETURN_TYPE = YES_ERROR;
				GCC_WARN_UNDECLARED_SELECTOR = YES;
				GCC_WARN_UNINITIALIZED_AUTOS = YES_AGGRESSIVE;
				GCC_WARN_UNUSED_FUNCTION = YES;
				GCC_WARN_UNUSED_VARIABLE = YES;
				IPHONEOS_DEPLOYMENT_TARGET = 15.5;
				MTL_ENABLE_DEBUG_INFO = NO;
				MTL_FAST_MATH = YES;
				SDKROOT = iphoneos;
				SWIFT_COMPILATION_MODE = wholemodule;
				SWIFT_OPTIMIZATION_LEVEL = "-O";
				VALIDATE_PRODUCT = YES;
			};
			name = Release;
		};
		7CA7180928E6D9C6009325C1 /* Debug */ = {
			isa = XCBuildConfiguration;
			buildSettings = {
				ASSETCATALOG_COMPILER_APPICON_NAME = AppIcon;
				ASSETCATALOG_COMPILER_GLOBAL_ACCENT_COLOR_NAME = AccentColor;
				CODE_SIGN_STYLE = Automatic;
				CURRENT_PROJECT_VERSION = 1;
				GENERATE_INFOPLIST_FILE = YES;
				INFOPLIST_FILE = EarthNews/Info.plist;
				INFOPLIST_KEY_UIApplicationSupportsIndirectInputEvents = YES;
				INFOPLIST_KEY_UILaunchStoryboardName = LaunchScreen;
				INFOPLIST_KEY_UIMainStoryboardFile = Main;
				INFOPLIST_KEY_UISupportedInterfaceOrientations_iPad = "UIInterfaceOrientationPortrait UIInterfaceOrientationPortraitUpsideDown UIInterfaceOrientationLandscapeLeft UIInterfaceOrientationLandscapeRight";
				INFOPLIST_KEY_UISupportedInterfaceOrientations_iPhone = "UIInterfaceOrientationPortrait UIInterfaceOrientationLandscapeLeft UIInterfaceOrientationLandscapeRight";
				LD_RUNPATH_SEARCH_PATHS = (
					"$(inherited)",
					"@executable_path/Frameworks",
				);
				MARKETING_VERSION = 1.0;
				PRODUCT_BUNDLE_IDENTIFIER = com.justinasiaulyte.EarthNews;
				PRODUCT_NAME = "$(TARGET_NAME)";
				SWIFT_EMIT_LOC_STRINGS = YES;
				SWIFT_VERSION = 5.0;
				TARGETED_DEVICE_FAMILY = "1,2";
			};
			name = Debug;
		};
		7CA7180A28E6D9C6009325C1 /* Release */ = {
			isa = XCBuildConfiguration;
			buildSettings = {
				ASSETCATALOG_COMPILER_APPICON_NAME = AppIcon;
				ASSETCATALOG_COMPILER_GLOBAL_ACCENT_COLOR_NAME = AccentColor;
				CODE_SIGN_STYLE = Automatic;
				CURRENT_PROJECT_VERSION = 1;
				GENERATE_INFOPLIST_FILE = YES;
				INFOPLIST_FILE = EarthNews/Info.plist;
				INFOPLIST_KEY_UIApplicationSupportsIndirectInputEvents = YES;
				INFOPLIST_KEY_UILaunchStoryboardName = LaunchScreen;
				INFOPLIST_KEY_UIMainStoryboardFile = Main;
				INFOPLIST_KEY_UISupportedInterfaceOrientations_iPad = "UIInterfaceOrientationPortrait UIInterfaceOrientationPortraitUpsideDown UIInterfaceOrientationLandscapeLeft UIInterfaceOrientationLandscapeRight";
				INFOPLIST_KEY_UISupportedInterfaceOrientations_iPhone = "UIInterfaceOrientationPortrait UIInterfaceOrientationLandscapeLeft UIInterfaceOrientationLandscapeRight";
				LD_RUNPATH_SEARCH_PATHS = (
					"$(inherited)",
					"@executable_path/Frameworks",
				);
				MARKETING_VERSION = 1.0;
				PRODUCT_BUNDLE_IDENTIFIER = com.justinasiaulyte.EarthNews;
				PRODUCT_NAME = "$(TARGET_NAME)";
				SWIFT_EMIT_LOC_STRINGS = YES;
				SWIFT_VERSION = 5.0;
				TARGETED_DEVICE_FAMILY = "1,2";
			};
			name = Release;
		};
/* End XCBuildConfiguration section */

/* Begin XCConfigurationList section */
		7CA717EF28E6D9C2009325C1 /* Build configuration list for PBXProject "EarthNews" */ = {
			isa = XCConfigurationList;
			buildConfigurations = (
				7CA7180628E6D9C6009325C1 /* Debug */,
				7CA7180728E6D9C6009325C1 /* Release */,
			);
			defaultConfigurationIsVisible = 0;
			defaultConfigurationName = Release;
		};
		7CA7180828E6D9C6009325C1 /* Build configuration list for PBXNativeTarget "EarthNews" */ = {
			isa = XCConfigurationList;
			buildConfigurations = (
				7CA7180928E6D9C6009325C1 /* Debug */,
				7CA7180A28E6D9C6009325C1 /* Release */,
			);
			defaultConfigurationIsVisible = 0;
			defaultConfigurationName = Release;
		};
/* End XCConfigurationList section */

/* Begin XCVersionGroup section */
		7CAB1DF428F591200090F061 /* CoreDataMain.xcdatamodeld */ = {
			isa = XCVersionGroup;
			children = (
				7CAB1DF528F591200090F061 /* ArticleCoreDataEntity.xcdatamodel */,
			);
			currentVersion = 7CAB1DF528F591200090F061 /* ArticleCoreDataEntity.xcdatamodel */;
			path = CoreDataMain.xcdatamodeld;
			sourceTree = "<group>";
			versionGroupType = wrapper.xcdatamodel;
		};
/* End XCVersionGroup section */
	};
	rootObject = 7CA717EC28E6D9C2009325C1 /* Project object */;
}
